
Microsoft Visual Studio Solution File, Format Version 12.00
# Visual Studio Version 16
VisualStudioVersion = 16.0.32126.315
MinimumVisualStudioVersion = 10.0.40219.1
Project("{FAE04EC0-301F-11D3-BF4B-00C04F79EFBC}") = "ModelQueryBuilder", "ModelQueryBuilder\ModelQueryBuilder.csproj", "{7FA2BBB4-0BB7-46C7-99E0-E9655F9A4C60}"
EndProject
Project("{FAE04EC0-301F-11D3-BF4B-00C04F79EFBC}") = "ModelQueryBuilder.Test", "ModelQueryBuilder.Test\ModelQueryBuilder.Test.csproj", "{9376926D-5010-44B9-8BE8-7C2865F4B5E8}"
EndProject
Global
	GlobalSection(SolutionConfigurationPlatforms) = preSolution
		Debug|Any CPU = Debug|Any CPU
		Release|Any CPU = Release|Any CPU
	EndGlobalSection
	GlobalSection(ProjectConfigurationPlatforms) = postSolution
		{7FA2BBB4-0BB7-46C7-99E0-E9655F9A4C60}.Debug|Any CPU.ActiveCfg = Debug|Any CPU
		{7FA2BBB4-0BB7-46C7-99E0-E9655F9A4C60}.Debug|Any CPU.Build.0 = Debug|Any CPU
		{7FA2BBB4-0BB7-46C7-99E0-E9655F9A4C60}.Release|Any CPU.ActiveCfg = Release|Any CPU
		{7FA2BBB4-0BB7-46C7-99E0-E9655F9A4C60}.Release|Any CPU.Build.0 = Release|Any CPU
		{9376926D-5010-44B9-8BE8-7C2865F4B5E8}.Debug|Any CPU.ActiveCfg = Debug|Any CPU
		{9376926D-5010-44B9-8BE8-7C2865F4B5E8}.Debug|Any CPU.Build.0 = Debug|Any CPU
		{9376926D-5010-44B9-8BE8-7C2865F4B5E8}.Release|Any CPU.ActiveCfg = Release|Any CPU
		{9376926D-5010-44B9-8BE8-7C2865F4B5E8}.Release|Any CPU.Build.0 = Release|Any CPU
	EndGlobalSection
	GlobalSection(SolutionProperties) = preSolution
		HideSolutionNode = FALSE
	EndGlobalSection
	GlobalSection(ExtensibilityGlobals) = postSolution
		SolutionGuid = {4C4A289C-6617-479B-8A64-F2F76388A035}
	EndGlobalSection
EndGlobal
